Microsoft Visual Studio Solution File, Format Version 12.00
# Visual Studio Version 17
VisualStudioVersion = 17.13.35825.156
MinimumVisualStudioVersion = 10.0.40219.1
Project("{FAE04EC0-301F-11D3-BF4B-00C04F79EFBC}") = "ChatWithSignalR.AppHost", "ChatWithSignalR.AppHost\ChatWithSignalR.AppHost.csproj", "{FC805DD1-E446-47CE-9E5D-D366BCB36887}"
EndProject
Project("{FAE04EC0-301F-11D3-BF4B-00C04F79EFBC}") = "ChatWithSignalR.ServiceDefaults", "ChatWithSignalR.ServiceDefaults\ChatWithSignalR.ServiceDefaults.csproj", "{8F88DA79-750C-E3EF-8C35-FFD448CDE1EC}"
EndProject
Project("{FAE04EC0-301F-11D3-BF4B-00C04F79EFBC}") = "ChatWithSignalR.Api", "ChatWithSignalR.Api\ChatWithSignalR.Api.csproj", "{F08FE4D5-1E82-28E3-EB2E-1B44FE22B2D0}"
EndProject
Global
	GlobalSection(SolutionConfigurationPlatforms) = preSolution
		Debug|Any CPU = Debug|Any CPU
		Release|Any CPU = Release|Any CPU
	EndGlobalSection
	GlobalSection(ProjectConfigurationPlatforms) = postSolution
		{FC805DD1-E446-47CE-9E5D-D366BCB36887}.Debug|Any CPU.ActiveCfg = Debug|Any CPU
		{FC805DD1-E446-47CE-9E5D-D366BCB36887}.Debug|Any CPU.Build.0 = Debug|Any CPU
		{FC805DD1-E446-47CE-9E5D-D366BCB36887}.Release|Any CPU.ActiveCfg = Release|Any CPU
		{FC805DD1-E446-47CE-9E5D-D366BCB36887}.Release|Any CPU.Build.0 = Release|Any CPU
		{8F88DA79-750C-E3EF-8C35-FFD448CDE1EC}.Debug|Any CPU.ActiveCfg = Debug|Any CPU
		{8F88DA79-750C-E3EF-8C35-FFD448CDE1EC}.Debug|Any CPU.Build.0 = Debug|Any CPU
		{8F88DA79-750C-E3EF-8C35-FFD448CDE1EC}.Release|Any CPU.ActiveCfg = Release|Any CPU
		{8F88DA79-750C-E3EF-8C35-FFD448CDE1EC}.Release|Any CPU.Build.0 = Release|Any CPU
		{F08FE4D5-1E82-28E3-EB2E-1B44FE22B2D0}.Debug|Any CPU.ActiveCfg = Debug|Any CPU
		{F08FE4D5-1E82-28E3-EB2E-1B44FE22B2D0}.Debug|Any CPU.Build.0 = Debug|Any CPU
		{F08FE4D5-1E82-28E3-EB2E-1B44FE22B2D0}.Release|Any CPU.ActiveCfg = Release|Any CPU
		{F08FE4D5-1E82-28E3-EB2E-1B44FE22B2D0}.Release|Any CPU.Build.0 = Release|Any CPU
	EndGlobalSection
	GlobalSection(SolutionProperties) = preSolution
		HideSolutionNode = FALSE
	EndGlobalSection
	GlobalSection(ExtensibilityGlobals) = postSolution
		SolutionGuid = {211D4688-D7C6-44DD-9062-26D526A7A633}
	EndGlobalSection
EndGlobal
